uuid: 9d1632d2-baff-4c71-b0c2-9d4fcf798003
langcode: es
status: false
dependencies:
  module:
    - help
active_version: b535e760d5fba13d
versioned_properties:
  active:
    settings:
      default_settings:
        id: help_block
        label: Ayuda
        label_display: '0'
        provider: help
    fallback_metadata:
      slot_definitions: null
label: Ayuda
id: block.help_block
provider: help
source: block
source_local_id: help_block
